PODS:
  - Bolts (1.1.0)
  - Facebook-iOS-SDK (3.16.1):
    - Bolts
  - google-plus-ios-sdk (1.7.0)
  - MSDynamicsDrawerViewController (1.5.1)

DEPENDENCIES:
  - Facebook-iOS-SDK
  - google-plus-ios-sdk
  - MSDynamicsDrawerViewController

SPEC CHECKSUMS:
  Bolts: 91c2af8eae1d44e1dd75946a5b0ae04a43ea43e4
  Facebook-iOS-SDK: 594f0e2398fe62b0a44b6f7ae113c7795cfabfa4
  google-plus-ios-sdk: f613bd712196b435ecc098eed75afb3364bca177
  MSDynamicsDrawerViewController: 0002059480a4b5ddde7eafbafb958a79a9b0ffaf

COCOAPODS: 0.33.1
